
Microsoft Visual Studio Solution File, Format Version 12.00
# Visual Studio 15
VisualStudioVersion = 15.0.28307.757
MinimumVisualStudioVersion = 10.0.40219.1
Project("{8BC9CEB8-8B4A-11D0-8D11-00A0C91BC942}") = "TESTNDKLIB", "TESTNDKLIB\TESTNDKLIB.vcxproj", "{0FC02836-A87E-4C89-BA08-85C3259EE29D}"
EndProject
Project("{8BC9CEB8-8B4A-11D0-8D11-00A0C91BC942}") = "SRFile", "SRFile\SRFile.vcxproj", "{81217FA5-FCFE-4ED9-82B7-55EF8D13A94E}"
EndProject
Global
	GlobalSection(SolutionConfigurationPlatforms) = preSolution
		Debug|x64 = Debug|x64
		Debug|x86 = Debug|x86
		Release|x64 = Release|x64
		Release|x86 = Release|x86
	EndGlobalSection
	GlobalSection(ProjectConfigurationPlatforms) = postSolution
		{0FC02836-A87E-4C89-BA08-85C3259EE29D}.Debug|x64.ActiveCfg = Debug|x64
		{0FC02836-A87E-4C89-BA08-85C3259EE29D}.Debug|x64.Build.0 = Debug|x64
		{0FC02836-A87E-4C89-BA08-85C3259EE29D}.Debug|x86.ActiveCfg = Debug|Win32
		{0FC02836-A87E-4C89-BA08-85C3259EE29D}.Debug|x86.Build.0 = Debug|Win32
		{0FC02836-A87E-4C89-BA08-85C3259EE29D}.Release|x64.ActiveCfg = Release|x64
		{0FC02836-A87E-4C89-BA08-85C3259EE29D}.Release|x64.Build.0 = Release|x64
		{0FC02836-A87E-4C89-BA08-85C3259EE29D}.Release|x86.ActiveCfg = Release|Win32
		{0FC02836-A87E-4C89-BA08-85C3259EE29D}.Release|x86.Build.0 = Release|Win32
		{81217FA5-FCFE-4ED9-82B7-55EF8D13A94E}.Debug|x64.ActiveCfg = Debug|x64
		{81217FA5-FCFE-4ED9-82B7-55EF8D13A94E}.Debug|x64.Build.0 = Debug|x64
		{81217FA5-FCFE-4ED9-82B7-55EF8D13A94E}.Debug|x86.ActiveCfg = Debug|Win32
		{81217FA5-FCFE-4ED9-82B7-55EF8D13A94E}.Debug|x86.Build.0 = Debug|Win32
		{81217FA5-FCFE-4ED9-82B7-55EF8D13A94E}.Release|x64.ActiveCfg = Release|x64
		{81217FA5-FCFE-4ED9-82B7-55EF8D13A94E}.Release|x64.Build.0 = Release|x64
		{81217FA5-FCFE-4ED9-82B7-55EF8D13A94E}.Release|x86.ActiveCfg = Release|Win32
		{81217FA5-FCFE-4ED9-82B7-55EF8D13A94E}.Release|x86.Build.0 = Release|Win32
	EndGlobalSection
	GlobalSection(SolutionProperties) = preSolution
		HideSolutionNode = FALSE
	EndGlobalSection
	GlobalSection(ExtensibilityGlobals) = postSolution
		SolutionGuid = {8583CA2C-BB61-4A5D-8B98-BA2825F171B0}
	EndGlobalSection
EndGlobal
